
Microsoft Visual Studio Solution File, Format Version 12.00
# Visual Studio Version 17
VisualStudioVersion = 17.13.36105.23
MinimumVisualStudioVersion = 10.0.40219.1
Project("{FAE04EC0-301F-11D3-BF4B-00C04F79EFBC}") = "LabTestConsoleSharp", "LabTestConsoleSharp\LabTestConsoleSharp.csproj", "{AA63D733-9B78-4596-8676-BB6588EAA492}"
EndProject
Project("{8BC9CEB8-8B4A-11D0-8D11-00A0C91BC942}") = "CppComponent", "CppComponent\CppComponent.vcxproj", "{659F9F3B-C3C4-4BAA-B054-71A5D13978DF}"
EndProject
Project("{FAE04EC0-301F-11D3-BF4B-00C04F79EFBC}") = "CSharpConsumerTest", "CSharpConsumerTest\CSharpConsumerTest.csproj", "{0A037259-26B1-422A-90D5-B315E1442942}"
EndProject
Project("{FAE04EC0-301F-11D3-BF4B-00C04F79EFBC}") = "CSharpConsumer", "CSharpConsumer\CSharpConsumer.csproj", "{9371C10C-9B76-4EF8-9281-1A78D5DEE215}"
EndProject
Project("{8BC9CEB8-8B4A-11D0-8D11-00A0C91BC942}") = "CppServer", "CppServer\CppServer.vcxproj", "{4857BAAD-1D37-4199-AFB1-7C5D7F5706D6}"
EndProject
Project("{FAE04EC0-301F-11D3-BF4B-00C04F79EFBC}") = "CSharpClient", "CSharpClient\CSharpClient.csproj", "{727AD7CD-3230-4458-864D-B19294E48478}"
EndProject
Global
	GlobalSection(SolutionConfigurationPlatforms) = preSolution
		Debug|Any CPU = Debug|Any CPU
		Debug|x64 = Debug|x64
		Debug|x86 = Debug|x86
		Release|Any CPU = Release|Any CPU
		Release|x64 = Release|x64
		Release|x86 = Release|x86
	EndGlobalSection
	GlobalSection(ProjectConfigurationPlatforms) = postSolution
		{AA63D733-9B78-4596-8676-BB6588EAA492}.Debug|Any CPU.ActiveCfg = Debug|Any CPU
		{AA63D733-9B78-4596-8676-BB6588EAA492}.Debug|Any CPU.Build.0 = Debug|Any CPU
		{AA63D733-9B78-4596-8676-BB6588EAA492}.Debug|x64.ActiveCfg = Debug|Any CPU
		{AA63D733-9B78-4596-8676-BB6588EAA492}.Debug|x64.Build.0 = Debug|Any CPU
		{AA63D733-9B78-4596-8676-BB6588EAA492}.Debug|x86.ActiveCfg = Debug|Any CPU
		{AA63D733-9B78-4596-8676-BB6588EAA492}.Debug|x86.Build.0 = Debug|Any CPU
		{AA63D733-9B78-4596-8676-BB6588EAA492}.Release|Any CPU.ActiveCfg = Release|Any CPU
		{AA63D733-9B78-4596-8676-BB6588EAA492}.Release|Any CPU.Build.0 = Release|Any CPU
		{AA63D733-9B78-4596-8676-BB6588EAA492}.Release|x64.ActiveCfg = Release|Any CPU
		{AA63D733-9B78-4596-8676-BB6588EAA492}.Release|x64.Build.0 = Release|Any CPU
		{AA63D733-9B78-4596-8676-BB6588EAA492}.Release|x86.ActiveCfg = Release|Any CPU
		{AA63D733-9B78-4596-8676-BB6588EAA492}.Release|x86.Build.0 = Release|Any CPU
		{659F9F3B-C3C4-4BAA-B054-71A5D13978DF}.Debug|Any CPU.ActiveCfg = Debug|x64
		{659F9F3B-C3C4-4BAA-B054-71A5D13978DF}.Debug|Any CPU.Build.0 = Debug|x64
		{659F9F3B-C3C4-4BAA-B054-71A5D13978DF}.Debug|x64.ActiveCfg = Debug|x64
		{659F9F3B-C3C4-4BAA-B054-71A5D13978DF}.Debug|x64.Build.0 = Debug|x64
		{659F9F3B-C3C4-4BAA-B054-71A5D13978DF}.Debug|x86.ActiveCfg = Debug|Win32
		{659F9F3B-C3C4-4BAA-B054-71A5D13978DF}.Debug|x86.Build.0 = Debug|Win32
		{659F9F3B-C3C4-4BAA-B054-71A5D13978DF}.Release|Any CPU.ActiveCfg = Release|x64
		{659F9F3B-C3C4-4BAA-B054-71A5D13978DF}.Release|Any CPU.Build.0 = Release|x64
		{659F9F3B-C3C4-4BAA-B054-71A5D13978DF}.Release|x64.ActiveCfg = Release|x64
		{659F9F3B-C3C4-4BAA-B054-71A5D13978DF}.Release|x64.Build.0 = Release|x64
		{659F9F3B-C3C4-4BAA-B054-71A5D13978DF}.Release|x86.ActiveCfg = Release|Win32
		{659F9F3B-C3C4-4BAA-B054-71A5D13978DF}.Release|x86.Build.0 = Release|Win32
		{0A037259-26B1-422A-90D5-B315E1442942}.Debug|Any CPU.ActiveCfg = Debug|Any CPU
		{0A037259-26B1-422A-90D5-B315E1442942}.Debug|Any CPU.Build.0 = Debug|Any CPU
		{0A037259-26B1-422A-90D5-B315E1442942}.Debug|x64.ActiveCfg = Debug|Any CPU
		{0A037259-26B1-422A-90D5-B315E1442942}.Debug|x64.Build.0 = Debug|Any CPU
		{0A037259-26B1-422A-90D5-B315E1442942}.Debug|x86.ActiveCfg = Debug|Any CPU
		{0A037259-26B1-422A-90D5-B315E1442942}.Debug|x86.Build.0 = Debug|Any CPU
		{0A037259-26B1-422A-90D5-B315E1442942}.Release|Any CPU.ActiveCfg = Release|Any CPU
		{0A037259-26B1-422A-90D5-B315E1442942}.Release|Any CPU.Build.0 = Release|Any CPU
		{0A037259-26B1-422A-90D5-B315E1442942}.Release|x64.ActiveCfg = Release|Any CPU
		{0A037259-26B1-422A-90D5-B315E1442942}.Release|x64.Build.0 = Release|Any CPU
		{0A037259-26B1-422A-90D5-B315E1442942}.Release|x86.ActiveCfg = Release|Any CPU
		{0A037259-26B1-422A-90D5-B315E1442942}.Release|x86.Build.0 = Release|Any CPU
		{9371C10C-9B76-4EF8-9281-1A78D5DEE215}.Debug|Any CPU.ActiveCfg = Debug|Any CPU
		{9371C10C-9B76-4EF8-9281-1A78D5DEE215}.Debug|Any CPU.Build.0 = Debug|Any CPU
		{9371C10C-9B76-4EF8-9281-1A78D5DEE215}.Debug|x64.ActiveCfg = Debug|Any CPU
		{9371C10C-9B76-4EF8-9281-1A78D5DEE215}.Debug|x64.Build.0 = Debug|Any CPU
		{9371C10C-9B76-4EF8-9281-1A78D5DEE215}.Debug|x86.ActiveCfg = Debug|Any CPU
		{9371C10C-9B76-4EF8-9281-1A78D5DEE215}.Debug|x86.Build.0 = Debug|Any CPU
		{9371C10C-9B76-4EF8-9281-1A78D5DEE215}.Release|Any CPU.ActiveCfg = Release|Any CPU
		{9371C10C-9B76-4EF8-9281-1A78D5DEE215}.Release|Any CPU.Build.0 = Release|Any CPU
		{9371C10C-9B76-4EF8-9281-1A78D5DEE215}.Release|x64.ActiveCfg = Release|Any CPU
		{9371C10C-9B76-4EF8-9281-1A78D5DEE215}.Release|x64.Build.0 = Release|Any CPU
		{9371C10C-9B76-4EF8-9281-1A78D5DEE215}.Release|x86.ActiveCfg = Release|Any CPU
		{9371C10C-9B76-4EF8-9281-1A78D5DEE215}.Release|x86.Build.0 = Release|Any CPU
		{4857BAAD-1D37-4199-AFB1-7C5D7F5706D6}.Debug|Any CPU.ActiveCfg = Debug|x64
		{4857BAAD-1D37-4199-AFB1-7C5D7F5706D6}.Debug|Any CPU.Build.0 = Debug|x64
		{4857BAAD-1D37-4199-AFB1-7C5D7F5706D6}.Debug|x64.ActiveCfg = Debug|x64
		{4857BAAD-1D37-4199-AFB1-7C5D7F5706D6}.Debug|x64.Build.0 = Debug|x64
		{4857BAAD-1D37-4199-AFB1-7C5D7F5706D6}.Debug|x86.ActiveCfg = Debug|Win32
		{4857BAAD-1D37-4199-AFB1-7C5D7F5706D6}.Debug|x86.Build.0 = Debug|Win32
		{4857BAAD-1D37-4199-AFB1-7C5D7F5706D6}.Release|Any CPU.ActiveCfg = Release|x64
		{4857BAAD-1D37-4199-AFB1-7C5D7F5706D6}.Release|Any CPU.Build.0 = Release|x64
		{4857BAAD-1D37-4199-AFB1-7C5D7F5706D6}.Release|x64.ActiveCfg = Release|x64
		{4857BAAD-1D37-4199-AFB1-7C5D7F5706D6}.Release|x64.Build.0 = Release|x64
		{4857BAAD-1D37-4199-AFB1-7C5D7F5706D6}.Release|x86.ActiveCfg = Release|Win32
		{4857BAAD-1D37-4199-AFB1-7C5D7F5706D6}.Release|x86.Build.0 = Release|Win32
		{727AD7CD-3230-4458-864D-B19294E48478}.Debug|Any CPU.ActiveCfg = Debug|Any CPU
		{727AD7CD-3230-4458-864D-B19294E48478}.Debug|Any CPU.Build.0 = Debug|Any CPU
		{727AD7CD-3230-4458-864D-B19294E48478}.Debug|x64.ActiveCfg = Debug|x64
		{727AD7CD-3230-4458-864D-B19294E48478}.Debug|x64.Build.0 = Debug|x64
		{727AD7CD-3230-4458-864D-B19294E48478}.Debug|x86.ActiveCfg = Debug|Any CPU
		{727AD7CD-3230-4458-864D-B19294E48478}.Debug|x86.Build.0 = Debug|Any CPU
		{727AD7CD-3230-4458-864D-B19294E48478}.Release|Any CPU.ActiveCfg = Release|Any CPU
		{727AD7CD-3230-4458-864D-B19294E48478}.Release|Any CPU.Build.0 = Release|Any CPU
		{727AD7CD-3230-4458-864D-B19294E48478}.Release|x64.ActiveCfg = Release|Any CPU
		{727AD7CD-3230-4458-864D-B19294E48478}.Release|x64.Build.0 = Release|Any CPU
		{727AD7CD-3230-4458-864D-B19294E48478}.Release|x86.ActiveCfg = Release|Any CPU
		{727AD7CD-3230-4458-864D-B19294E48478}.Release|x86.Build.0 = Release|Any CPU
	EndGlobalSection
	GlobalSection(SolutionProperties) = preSolution
		HideSolutionNode = FALSE
	EndGlobalSection
	GlobalSection(ExtensibilityGlobals) = postSolution
		SolutionGuid = {AF84E755-178C-4A60-AD8A-99185C066DE0}
	EndGlobalSection
EndGlobal
